
Microsoft Visual Studio Solution File, Format Version 12.00
# Visual Studio 15
Project("{FAE04EC0-301F-11D3-BF4B-00C04F79EFBC}") = "Assembly-CSharp", "Assembly-CSharp.csproj", "{9036093F-5EC2-51EF-5E56-3C8D5D2F7442}"
EndProject
Project("{FAE04EC0-301F-11D3-BF4B-00C04F79EFBC}") = "Assembly-CSharp-Editor", "Assembly-CSharp-Editor.csproj", "{B5C058B4-0B16-B53D-D826-F119C10AB475}"
EndProject
Global
	GlobalSection(SolutionConfigurationPlatforms) = preSolution
		Debug|Any CPU = Debug|Any CPU
		Release|Any CPU = Release|Any CPU
	EndGlobalSection
	GlobalSection(ProjectConfigurationPlatforms) = postSolution
		{9036093F-5EC2-51EF-5E56-3C8D5D2F7442}.Debug|Any CPU.ActiveCfg = Debug|Any CPU
		{9036093F-5EC2-51EF-5E56-3C8D5D2F7442}.Debug|Any CPU.Build.0 = Debug|Any CPU
		{9036093F-5EC2-51EF-5E56-3C8D5D2F7442}.Release|Any CPU.ActiveCfg = Release|Any CPU
		{9036093F-5EC2-51EF-5E56-3C8D5D2F7442}.Release|Any CPU.Build.0 = Release|Any CPU
		{B5C058B4-0B16-B53D-D826-F119C10AB475}.Debug|Any CPU.ActiveCfg = Debug|Any CPU
		{B5C058B4-0B16-B53D-D826-F119C10AB475}.Debug|Any CPU.Build.0 = Debug|Any CPU
		{B5C058B4-0B16-B53D-D826-F119C10AB475}.Release|Any CPU.ActiveCfg = Release|Any CPU
		{B5C058B4-0B16-B53D-D826-F119C10AB475}.Release|Any CPU.Build.0 = Release|Any CPU
	EndGlobalSection
	GlobalSection(SolutionProperties) = preSolution
		HideSolutionNode = FALSE
	EndGlobalSection
EndGlobal
